%{
  "circuits_gpio": {:hex, :circuits_gpio, "1.0.0", "b2a493b1822ec712bfba7068a016930f6db5e31713b9b84ed8bc307c7c323682", [:make, :mix], [{:elixir_make, "~> 0.6", [hex: :elixir_make, repo: "hexpm", optional: false]}], "hexpm", "da64c1d9ba1329cd7ca7e63adcd68d73e2294d6b48eb66c9a1064f3db5c523f3"},
  "circuits_spi": {:hex, :circuits_spi, "1.3.0", "d66d4c8818739416958cea1d846d66896ab7c28fa42695f1cae3c2c7a3e9e9ca", [:make, :mix], [{:elixir_make, "~> 0.6", [hex: :elixir_make, repo: "hexpm", optional: false]}], "hexpm", "56e49b346fdd43185832a03d3de3751c2ce9928ee3ce4a31a364f6548fe2b74c"},
  "earmark": {:hex, :earmark, "1.3.2", "b840562ea3d67795ffbb5bd88940b1bed0ed9fa32834915125ea7d02e35888a5", [:mix], [], "hexpm", "e3be2bc3ae67781db529b80aa7e7c49904a988596e2dbff897425b48b3581161"},
  "elixir_make": {:hex, :elixir_make, "0.6.3", "bc07d53221216838d79e03a8019d0839786703129599e9619f4ab74c8c096eac", [:mix], [], "hexpm", "f5cbd651c5678bcaabdbb7857658ee106b12509cd976c2c2fca99688e1daf716"},
  "ex_doc": {:hex, :ex_doc, "0.20.2", "1bd0dfb0304bade58beb77f20f21ee3558cc3c753743ae0ddbb0fd7ba2912331", [:mix], [{:earmark, "~> 1.3", [hex: :earmark, repo: "hexpm", optional: false]}, {:makeup_elixir, "~> 0.10", [hex: :makeup_elixir, repo: "hexpm", optional: false]}], "hexpm", "8e24fc8ff9a50b9f557ff020d6c91a03cded7e59ac3e0eec8a27e771430c7d27"},
  "ex_image_info": {:hex, :ex_image_info, "0.2.4", "610002acba43520a9b1cf1421d55812bde5b8a8aeaf1fe7b1f8823e84e762adb", [:mix], [], "hexpm", "fd1a7e02664e3b14dfd3b231d22fdd48bd3dd694c4773e6272b3a6228f1106bc"},
  "font_metrics": {:hex, :font_metrics, "0.5.1", "10ce0b8b1bf092a2d3d307e05a7c433787ae8ca7cd1f3cf959995a628809a994", [:mix], [{:nimble_options, "~> 0.3", [hex: :nimble_options, repo: "hexpm", optional: false]}], "hexpm", "192e4288772839ae4dadccb0f5b1d5c89b73a0c3961ccea14b6181fdcd535e54"},
  "inky": {:hex, :inky, "1.0.0", "7275ffae2e752c524b3f1fa79ed1ba7a431e2014710fff338ffbb2f7202aa205", [:mix], [{:circuits_gpio, "~> 0.4", [hex: :circuits_gpio, repo: "hexpm", optional: false]}, {:circuits_spi, "~> 0.1", [hex: :circuits_spi, repo: "hexpm", optional: false]}], "hexpm", "d6983adccc22a728abd9ffc4ede2d084ad99fcbdbc82c78e28c49e8f605fc39d"},
  "input_event": {:hex, :input_event, "0.4.3", "ea1c6c81fd245f617858294ce106bf4b9c35822eaa94793ffa104cc0ae1bd323", [:make, :mix], [{:elixir_make, "~> 0.6", [hex: :elixir_make, repo: "hexpm", optional: false]}], "hexpm", "818bd6b20d3a6ccac868074138eae5dbae17baf2f7711b2852253d6461ad80db"},
  "makeup": {:hex, :makeup, "0.8.0", "9cf32aea71c7fe0a4b2e9246c2c4978f9070257e5c9ce6d4a28ec450a839b55f", [:mix], [{:nimble_parsec, "~> 0.5.0", [hex: :nimble_parsec, repo: "hexpm", optional: false]}], "hexpm", "5fbc8e549aa9afeea2847c0769e3970537ed302f93a23ac612602e805d9d1e7f"},
  "makeup_elixir": {:hex, :makeup_elixir, "0.13.0", "be7a477997dcac2e48a9d695ec730b2d22418292675c75aa2d34ba0909dcdeda", [:mix], [{:makeup, "~> 0.8", [hex: :makeup, repo: "hexpm", optional: false]}], "hexpm", "adf0218695e22caeda2820eaba703fa46c91820d53813a2223413da3ef4ba515"},
  "msgpax": {:hex, :msgpax, "2.2.3", "02be0be1b440a12d7e6f6c45662463d53d01a30b5bd4ab806276453b455f820a", [:mix], [{:plug, "~> 1.0", [hex: :plug, repo: "hexpm", optional: true]}], "hexpm", "0b45d5d37426699cf089d65ba4aed2ed838e3981a4537e339e685e2cb462a536"},
  "nimble_options": {:hex, :nimble_options, "0.3.7", "1e52dd7673d36138b1a5dede183b5d86dff175dc46d104a8e98e396b85b04670", [:mix], [], "hexpm", "2086907e6665c6b6579be54ef5001928df5231f355f71ed258f80a55e9f63633"},
  "nimble_parsec": {:hex, :nimble_parsec, "0.5.0", "90e2eca3d0266e5c53f8fbe0079694740b9c91b6747f2b7e3c5d21966bba8300", [:mix], [], "hexpm", "5c040b8469c1ff1b10093d3186e2e10dbe483cd73d79ec017993fb3985b8a9b3"},
  "rpi_fb_capture": {:hex, :rpi_fb_capture, "0.2.1", "23edff195b3cce53fde3b311bc1b86cac82046fb2ad77eae211dfcfa6684e5de", [:make, :mix], [{:elixir_make, "~> 0.5", [hex: :elixir_make, repo: "hexpm", optional: false]}], "hexpm", "b397b5702d57879e7c979a7f3fe131dc8e79bc34772929569918ed00c1154fda"},
  "scenic": {:hex, :scenic, "0.11.0-beta.0", "e753ebfa61eaa060810831be0eb346c544f345d47d53d12c2f58f1614e66bfa2", [:make, :mix], [{:elixir_make, "~> 0.6.2", [hex: :elixir_make, repo: "hexpm", optional: false]}, {:ex_image_info, "~> 0.2.4", [hex: :ex_image_info, repo: "hexpm", optional: false]}, {:font_metrics, "~> 0.5.0", [hex: :font_metrics, repo: "hexpm", optional: false]}, {:nimble_options, "~> 0.3.4", [hex: :nimble_options, repo: "hexpm", optional: false]}, {:truetype_metrics, "~> 0.5", [hex: :truetype_metrics, repo: "hexpm", optional: false]}], "hexpm", "cace35efcc1d8e914f03abad5677ebd4d648be1cbd04d93c4af0d97a5c2df722"},
  "scenic_driver_local": {:hex, :scenic_driver_local, "0.11.0-beta.0", "da8c58b60346daf51d6c0133e7b296f851d97fe86a5d0988bff99f8ae19ff186", [:make, :mix], [{:elixir_make, "~> 0.6", [hex: :elixir_make, repo: "hexpm", optional: false]}, {:input_event, "~> 0.4", [hex: :input_event, repo: "hexpm", optional: false]}, {:scenic, "~> 0.11.0-beta.0", [hex: :scenic, repo: "hexpm", optional: false]}], "hexpm", "8812762a9721c73a5ee4c306f6ea1eafa7bd1de6997709f9e1243f734610f780"},
  "scenic_driver_nerves_rpi": {:hex, :scenic_driver_nerves_rpi, "0.10.0", "6aa51e6f026386b5f09a082e54a59f8fcdb7e838437f8d4bdb8fa26c9c77f228", [:make, :mix], [{:elixir_make, "~> 0.5", [hex: :elixir_make, repo: "hexpm", optional: false]}, {:scenic, "~> 0.10", [hex: :scenic, repo: "hexpm", optional: false]}], "hexpm", "a5e37e3fa83c472627eb6c458cbedd967ab9d46409f115d1eda88ede0c7d38e8"},
  "truetype_metrics": {:hex, :truetype_metrics, "0.6.0", "683765005d6c4b4df2452459e3fc2310a037fea183caa3cbdc3d564b22fb2119", [:mix], [{:font_metrics, "~> 0.5", [hex: :font_metrics, repo: "hexpm", optional: false]}], "hexpm", "e252d5ff51ed736c446ad4f7d9b2be72d915e3d8107c337b1c914ee20802caf6"},
}
